
Microsoft Visual Studio Solution File, Format Version 12.00
# Visual Studio Version 16
VisualStudioVersion = 16.0.30517.126
MinimumVisualStudioVersion = 10.0.40219.1
Project("{9A19103F-16F7-4668-BE54-9A1E7A4F7556}") = "FarTooManyEvilBiomes", "FarTooManyEvilBiomes.csproj", "{575FCE35-30F6-4974-9B70-5CECD147C0C1}"
EndProject
Global
	GlobalSection(SolutionConfigurationPlatforms) = preSolution
		Debug|Any CPU = Debug|Any CPU
		Release|Any CPU = Release|Any CPU
	EndGlobalSection
	GlobalSection(ProjectConfigurationPlatforms) = postSolution
		{575FCE35-30F6-4974-9B70-5CECD147C0C1}.Debug|Any CPU.ActiveCfg = Debug|Any CPU
		{575FCE35-30F6-4974-9B70-5CECD147C0C1}.Debug|Any CPU.Build.0 = Debug|Any CPU
		{575FCE35-30F6-4974-9B70-5CECD147C0C1}.Release|Any CPU.ActiveCfg = Release|Any CPU
		{575FCE35-30F6-4974-9B70-5CECD147C0C1}.Release|Any CPU.Build.0 = Release|Any CPU
	EndGlobalSection
	GlobalSection(SolutionProperties) = preSolution
		HideSolutionNode = FALSE
	EndGlobalSection
	GlobalSection(ExtensibilityGlobals) = postSolution
		SolutionGuid = {551B9809-F0B6-437D-8757-4D8E5C2DCCF3}
	EndGlobalSection
EndGlobal
